// !$*UTF8*$!
{
	archiveVersion = 1;
	classes = {
	};
	objectVersion = 56;
	objects = {

/* Begin PBXBuildFile section */
		FE390ACF2BD3FF620046C062 /* AppDelegate.swift in Sources */ = {isa = PBXBuildFile; fileRef = FE390ACE2BD3FF620046C062 /* AppDelegate.swift */; };
		FE390AD12BD3FF630046C062 /* SceneDelegate.swift in Sources */ = {isa = PBXBuildFile; fileRef = FE390AD02BD3FF630046C062 /* SceneDelegate.swift */; };
		FE390AD82BD3FF660046C062 /* Assets.xcassets in Resources */ = {isa = PBXBuildFile; fileRef = FE390AD72BD3FF660046C062 /* Assets.xcassets */; };
		FE390ADB2BD3FF660046C062 /* Base in Resources */ = {isa = PBXBuildFile; fileRef = FE390ADA2BD3FF660046C062 /* Base */; };
		FE390AE32BD40AFC0046C062 /* SearchVC.swift in Sources */ = {isa = PBXBuildFile; fileRef = FE390AE22BD40AFC0046C062 /* SearchVC.swift */; };
		FE390AE52BD40B6C0046C062 /* FavoritesListVC.swift in Sources */ = {isa = PBXBuildFile; fileRef = FE390AE42BD40B6C0046C062 /* FavoritesListVC.swift */; };
		FE8B8A452BD46CFD0011ACCB /* GFButton.swift in Sources */ = {isa = PBXBuildFile; fileRef = FE8B8A442BD46CFD0011ACCB /* GFButton.swift */; };
		FE8B8A472BD472800011ACCB /* GFTextField.swift in Sources */ = {isa = PBXBuildFile; fileRef = FE8B8A462BD472800011ACCB /* GFTextField.swift */; };
		FEF1EE992BD48D230078D380 /* FollowerListVC.swift in Sources */ = {isa = PBXBuildFile; fileRef = FEF1EE982BD48D230078D380 /* FollowerListVC.swift */; };
		FEF1EE9B2BD494920078D380 /* RegularExpressions.swift in Sources */ = {isa = PBXBuildFile; fileRef = FEF1EE9A2BD494920078D380 /* RegularExpressions.swift */; };
/* End PBXBuildFile section */

/* Begin PBXFileReference section */
		FE390ACB2BD3FF620046C062 /* GitHubFollwers.app */ = {isa = PBXFileReference; explicitFileType = wrapper.application; includeInIndex = 0; path = GitHubFollwers.app; sourceTree = BUILT_PRODUCTS_DIR; };
		FE390ACE2BD3FF620046C062 /* AppDelegate.swift */ = {isa = PBXFileReference; lastKnownFileType = sourcecode.swift; path = AppDelegate.swift; sourceTree = "<group>"; };
		FE390AD02BD3FF630046C062 /* SceneDelegate.swift */ = {isa = PBXFileReference; lastKnownFileType = sourcecode.swift; path = SceneDelegate.swift; sourceTree = "<group>"; };
		FE390AD72BD3FF660046C062 /* Assets.xcassets */ = {isa = PBXFileReference; lastKnownFileType = folder.assetcatalog; path = Assets.xcassets; sourceTree = "<group>"; };
		FE390ADA2BD3FF660046C062 /* Base */ = {isa = PBXFileReference; lastKnownFileType = file.storyboard; name = Base; path = Base.lproj/LaunchScreen.storyboard; sourceTree = "<group>"; };
		FE390ADC2BD3FF660046C062 /* Info.plist */ = {isa = PBXFileReference; lastKnownFileType = text.plist.xml; path = Info.plist; sourceTree = "<group>"; };
		FE390AE22BD40AFC0046C062 /* SearchVC.swift */ = {isa = PBXFileReference; lastKnownFileType = sourcecode.swift; path = SearchVC.swift; sourceTree = "<group>"; };
		FE390AE42BD40B6C0046C062 /* FavoritesListVC.swift */ = {isa = PBXFileReference; lastKnownFileType = sourcecode.swift; path = FavoritesListVC.swift; sourceTree = "<group>"; };
		FE8B8A442BD46CFD0011ACCB /* GFButton.swift */ = {isa = PBXFileReference; lastKnownFileType = sourcecode.swift; path = GFButton.swift; sourceTree = "<group>"; };
		FE8B8A462BD472800011ACCB /* GFTextField.swift */ = {isa = PBXFileReference; lastKnownFileType = sourcecode.swift; path = GFTextField.swift; sourceTree = "<group>"; };
		FEF1EE982BD48D230078D380 /* FollowerListVC.swift */ = {isa = PBXFileReference; lastKnownFileType = sourcecode.swift; path = FollowerListVC.swift; sourceTree = "<group>"; };
		FEF1EE9A2BD494920078D380 /* RegularExpressions.swift */ = {isa = PBXFileReference; lastKnownFileType = sourcecode.swift; path = RegularExpressions.swift; sourceTree = "<group>"; };
/* End PBXFileReference section */

/* Begin PBXFrameworksBuildPhase section */
		FE390AC82BD3FF620046C062 /* Frameworks */ = {
			isa = PBXFrameworksBuildPhase;
			buildActionMask = 2147483647;
			files = (
			);
			runOnlyForDeploymentPostprocessing = 0;
		};
/* End PBXFrameworksBuildPhase section */

/* Begin PBXGroup section */
		FE390AC22BD3FF620046C062 = {
			isa = PBXGroup;
			children = (
				FE390ACD2BD3FF620046C062 /* GitHubFollwers */,
				FE390ACC2BD3FF620046C062 /* Products */,
			);
			sourceTree = "<group>";
		};
		FE390ACC2BD3FF620046C062 /* Products */ = {
			isa = PBXGroup;
			children = (
				FE390ACB2BD3FF620046C062 /* GitHubFollwers.app */,
			);
			name = Products;
			sourceTree = "<group>";
		};
		FE390ACD2BD3FF620046C062 /* GitHubFollwers */ = {
			isa = PBXGroup;
			children = (
				FE390ACE2BD3FF620046C062 /* AppDelegate.swift */,
				FE390AD02BD3FF630046C062 /* SceneDelegate.swift */,
				FE8B8A442BD46CFD0011ACCB /* GFButton.swift */,
				FE8B8A462BD472800011ACCB /* GFTextField.swift */,
				FE390AE22BD40AFC0046C062 /* SearchVC.swift */,
				FEF1EE982BD48D230078D380 /* FollowerListVC.swift */,
				FE390AE42BD40B6C0046C062 /* FavoritesListVC.swift */,
				FE390AD72BD3FF660046C062 /* Assets.xcassets */,
				FE390AD92BD3FF660046C062 /* LaunchScreen.storyboard */,
				FE390ADC2BD3FF660046C062 /* Info.plist */,
				FEF1EE9A2BD494920078D380 /* RegularExpressions.swift */,
			);
			path = GitHubFollwers;
			sourceTree = "<group>";
		};
/* End PBXGroup section */

/* Begin PBXNativeTarget section */
		FE390ACA2BD3FF620046C062 /* GitHubFollwers */ = {
			isa = PBXNativeTarget;
			buildConfigurationList = FE390ADF2BD3FF660046C062 /* Build configuration list for PBXNativeTarget "GitHubFollwers" */;
			buildPhases = (
				FE390AC72BD3FF620046C062 /* Sources */,
				FE390AC82BD3FF620046C062 /* Frameworks */,
				FE390AC92BD3FF620046C062 /* Resources */,
			);
			buildRules = (
			);
			dependencies = (
			);
			name = GitHubFollwers;
			productName = GitHubFollwers;
			productReference = FE390ACB2BD3FF620046C062 /* GitHubFollwers.app */;
			productType = "com.apple.product-type.application";
		};
/* End PBXNativeTarget section */

/* Begin PBXProject section */
		FE390AC32BD3FF620046C062 /* Project object */ = {
			isa = PBXProject;
			attributes = {
				BuildIndependentTargetsInParallel = 1;
				LastSwiftUpdateCheck = 1530;
				LastUpgradeCheck = 1530;
				TargetAttributes = {
					FE390ACA2BD3FF620046C062 = {
						CreatedOnToolsVersion = 15.3;
					};
				};
			};
			buildConfigurationList = FE390AC62BD3FF620046C062 /* Build configuration list for PBXProject "GitHubFollwers" */;
			compatibilityVersion = "Xcode 14.0";
			developmentRegion = en;
			hasScannedForEncodings = 0;
			knownRegions = (
				en,
				Base,
			);
			mainGroup = FE390AC22BD3FF620046C062;
			productRefGroup = FE390ACC2BD3FF620046C062 /* Products */;
			projectDirPath = "";
			projectRoot = "";
			targets = (
				FE390ACA2BD3FF620046C062 /* GitHubFollwers */,
			);
		};
/* End PBXProject section */

/* Begin PBXResourcesBuildPhase section */
		FE390AC92BD3FF620046C062 /* Resources */ = {
			isa = PBXResourcesBuildPhase;
			buildActionMask = 2147483647;
			files = (
				FE390AD82BD3FF660046C062 /* Assets.xcassets in Resources */,
				FE390ADB2BD3FF660046C062 /* Base in Resources */,
			);
			runOnlyForDeploymentPostprocessing = 0;
		};
/* End PBXResourcesBuildPhase section */

/* Begin PBXSourcesBuildPhase section */
		FE390AC72BD3FF620046C062 /* Sources */ = {
			isa = PBXSourcesBuildPhase;
			buildActionMask = 2147483647;
			files = (
				FE8B8A472BD472800011ACCB /* GFTextField.swift in Sources */,
				FEF1EE9B2BD494920078D380 /* RegularExpressions.swift in Sources */,
				FE390AE52BD40B6C0046C062 /* FavoritesListVC.swift in Sources */,
				FE8B8A452BD46CFD0011ACCB /* GFButton.swift in Sources */,
				FE390ACF2BD3FF620046C062 /* AppDelegate.swift in Sources */,
				FEF1EE992BD48D230078D380 /* FollowerListVC.swift in Sources */,
				FE390AD12BD3FF630046C062 /* SceneDelegate.swift in Sources */,
				FE390AE32BD40AFC0046C062 /* SearchVC.swift in Sources */,
			);
			runOnlyForDeploymentPostprocessing = 0;
		};
/* End PBXSourcesBuildPhase section */

/* Begin PBXVariantGroup section */
		FE390AD92BD3FF660046C062 /* LaunchScreen.storyboard */ = {
			isa = PBXVariantGroup;
			children = (
				FE390ADA2BD3FF660046C062 /* Base */,
			);
			name = LaunchScreen.storyboard;
			sourceTree = "<group>";
		};
/* End PBXVariantGroup section */

/* Begin XCBuildConfiguration section */
		FE390ADD2BD3FF660046C062 /* Debug */ = {
			isa = XCBuildConfiguration;
			buildSettings = {
				ALWAYS_SEARCH_USER_PATHS = NO;
				ASSETCATALOG_COMPILER_GENERATE_SWIFT_ASSET_SYMBOL_EXTENSIONS = YES;
				CLANG_ANALYZER_NONNULL = YES;
				CLANG_ANALYZER_NUMBER_OBJECT_CONVERSION = YES_AGGRESSIVE;
				CLANG_CXX_LANGUAGE_STANDARD = "gnu++20";
				CLANG_ENABLE_MODULES = YES;
				CLANG_ENABLE_OBJC_ARC = YES;
				CLANG_ENABLE_OBJC_WEAK = YES;
				CLANG_WARN_BLOCK_CAPTURE_AUTORELEASING = YES;
				CLANG_WARN_BOOL_CONVERSION = YES;
				CLANG_WARN_COMMA = YES;
				CLANG_WARN_CONSTANT_CONVERSION = YES;
				CLANG_WARN_DEPRECATED_OBJC_IMPLEMENTATIONS = YES;
				CLANG_WARN_DIRECT_OBJC_ISA_USAGE = YES_ERROR;
				CLANG_WARN_DOCUMENTATION_COMMENTS = YES;
				CLANG_WARN_EMPTY_BODY = YES;
				CLANG_WARN_ENUM_CONVERSION = YES;
				CLANG_WARN_INFINITE_RECURSION = YES;
				CLANG_WARN_INT_CONVERSION = YES;
				CLANG_WARN_NON_LITERAL_NULL_CONVERSION = YES;
				CLANG_WARN_OBJC_IMPLICIT_RETAIN_SELF = YES;
				CLANG_WARN_OBJC_LITERAL_CONVERSION = YES;
				CLANG_WARN_OBJC_ROOT_CLASS = YES_ERROR;
				CLANG_WARN_QUOTED_INCLUDE_IN_FRAMEWORK_HEADER = YES;
				CLANG_WARN_RANGE_LOOP_ANALYSIS = YES;
				CLANG_WARN_STRICT_PROTOTYPES = YES;
				CLANG_WARN_SUSPICIOUS_MOVE = YES;
				CLANG_WARN_UNGUARDED_AVAILABILITY = YES_AGGRESSIVE;
				CLANG_WARN_UNREACHABLE_CODE = YES;
				CLANG_WARN__DUPLICATE_METHOD_MATCH = YES;
				COPY_PHASE_STRIP = NO;
				DEBUG_INFORMATION_FORMAT = dwarf;
				ENABLE_STRICT_OBJC_MSGSEND = YES;
				ENABLE_TESTABILITY = YES;
				ENABLE_USER_SCRIPT_SANDBOXING = YES;
				GCC_C_LANGUAGE_STANDARD = gnu17;
				GCC_DYNAMIC_NO_PIC = NO;
				GCC_NO_COMMON_BLOCKS = YES;
				GCC_OPTIMIZATION_LEVEL = 0;
				GCC_PREPROCESSOR_DEFINITIONS = (
					"DEBUG=1",
					"$(inherited)",
				);
				GCC_WARN_64_TO_32_BIT_CONVERSION = YES;
				GCC_WARN_ABOUT_RETURN_TYPE = YES_ERROR;
				GCC_WARN_UNDECLARED_SELECTOR = YES;
				GCC_WARN_UNINITIALIZED_AUTOS = YES_AGGRESSIVE;
				GCC_WARN_UNUSED_FUNCTION = YES;
				GCC_WARN_UNUSED_VARIABLE = YES;
				IPHONEOS_DEPLOYMENT_TARGET = 17.4;
				LOCALIZATION_PREFERS_STRING_CATALOGS = YES;
				MTL_ENABLE_DEBUG_INFO = INCLUDE_SOURCE;
				MTL_FAST_MATH = YES;
				ONLY_ACTIVE_ARCH = YES;
				SDKROOT = iphoneos;
				SWIFT_ACTIVE_COMPILATION_CONDITIONS = "DEBUG $(inherited)";
				SWIFT_OPTIMIZATION_LEVEL = "-Onone";
			};
			name = Debug;
		};
		FE390ADE2BD3FF660046C062 /* Release */ = {
			isa = XCBuildConfiguration;
			buildSettings = {
				ALWAYS_SEARCH_USER_PATHS = NO;
				ASSETCATALOG_COMPILER_GENERATE_SWIFT_ASSET_SYMBOL_EXTENSIONS = YES;
				CLANG_ANALYZER_NONNULL = YES;
				CLANG_ANALYZER_NUMBER_OBJECT_CONVERSION = YES_AGGRESSIVE;
				CLANG_CXX_LANGUAGE_STANDARD = "gnu++20";
				CLANG_ENABLE_MODULES = YES;
				CLANG_ENABLE_OBJC_ARC = YES;
				CLANG_ENABLE_OBJC_WEAK = YES;
				CLANG_WARN_BLOCK_CAPTURE_AUTORELEASING = YES;
				CLANG_WARN_BOOL_CONVERSION = YES;
				CLANG_WARN_COMMA = YES;
				CLANG_WARN_CONSTANT_CONVERSION = YES;
				CLANG_WARN_DEPRECATED_OBJC_IMPLEMENTATIONS = YES;
				CLANG_WARN_DIRECT_OBJC_ISA_USAGE = YES_ERROR;
				CLANG_WARN_DOCUMENTATION_COMMENTS = YES;
				CLANG_WARN_EMPTY_BODY = YES;
				CLANG_WARN_ENUM_CONVERSION = YES;
				CLANG_WARN_INFINITE_RECURSION = YES;
				CLANG_WARN_INT_CONVERSION = YES;
				CLANG_WARN_NON_LITERAL_NULL_CONVERSION = YES;
				CLANG_WARN_OBJC_IMPLICIT_RETAIN_SELF = YES;
				CLANG_WARN_OBJC_LITERAL_CONVERSION = YES;
				CLANG_WARN_OBJC_ROOT_CLASS = YES_ERROR;
				CLANG_WARN_QUOTED_INCLUDE_IN_FRAMEWORK_HEADER = YES;
				CLANG_WARN_RANGE_LOOP_ANALYSIS = YES;
				CLANG_WARN_STRICT_PROTOTYPES = YES;
				CLANG_WARN_SUSPICIOUS_MOVE = YES;
				CLANG_WARN_UNGUARDED_AVAILABILITY = YES_AGGRESSIVE;
				CLANG_WARN_UNREACHABLE_CODE = YES;
				CLANG_WARN__DUPLICATE_METHOD_MATCH = YES;
				COPY_PHASE_STRIP = NO;
				DEBUG_INFORMATION_FORMAT = "dwarf-with-dsym";
				ENABLE_NS_ASSERTIONS = NO;
				ENABLE_STRICT_OBJC_MSGSEND = YES;
				ENABLE_USER_SCRIPT_SANDBOXING = YES;
				GCC_C_LANGUAGE_STANDARD = gnu17;
				GCC_NO_COMMON_BLOCKS = YES;
				GCC_WARN_64_TO_32_BIT_CONVERSION = YES;
				GCC_WARN_ABOUT_RETURN_TYPE = YES_ERROR;
				GCC_WARN_UNDECLARED_SELECTOR = YES;
				GCC_WARN_UNINITIALIZED_AUTOS = YES_AGGRESSIVE;
				GCC_WARN_UNUSED_FUNCTION = YES;
				GCC_WARN_UNUSED_VARIABLE = YES;
				IPHONEOS_DEPLOYMENT_TARGET = 17.4;
				LOCALIZATION_PREFERS_STRING_CATALOGS = YES;
				MTL_ENABLE_DEBUG_INFO = NO;
				MTL_FAST_MATH = YES;
				SDKROOT = iphoneos;
				SWIFT_COMPILATION_MODE = wholemodule;
				VALIDATE_PRODUCT = YES;
			};
			name = Release;
		};
		FE390AE02BD3FF660046C062 /* Debug */ = {
			isa = XCBuildConfiguration;
			buildSettings = {
				ASSETCATALOG_COMPILER_APPICON_NAME = AppIcon;
				ASSETCATALOG_COMPILER_GLOBAL_ACCENT_COLOR_NAME = AccentColor;
				CODE_SIGN_STYLE = Automatic;
				CURRENT_PROJECT_VERSION = 1;
				DEVELOPMENT_TEAM = 93MW9WU26H;
				GENERATE_INFOPLIST_FILE = YES;
				INFOPLIST_FILE = GitHubFollwers/Info.plist;
				INFOPLIST_KEY_UIApplicationSupportsIndirectInputEvents = YES;
				INFOPLIST_KEY_UILaunchStoryboardName = LaunchScreen;
				INFOPLIST_KEY_UIMainStoryboardFile = "";
				INFOPLIST_KEY_UISupportedInterfaceOrientations_iPad = "UIInterfaceOrientationPortrait UIInterfaceOrientationPortraitUpsideDown UIInterfaceOrientationLandscapeLeft UIInterfaceOrientationLandscapeRight";
				INFOPLIST_KEY_UISupportedInterfaceOrientations_iPhone = "UIInterfaceOrientationPortrait UIInterfaceOrientationLandscapeLeft UIInterfaceOrientationLandscapeRight";
				LD_RUNPATH_SEARCH_PATHS = (
					"$(inherited)",
					"@executable_path/Frameworks",
				);
				MARKETING_VERSION = 1.0;
				PRODUCT_BUNDLE_IDENTIFIER = com.akamal83.GitHubFollwers;
				PRODUCT_NAME = "$(TARGET_NAME)";
				SWIFT_EMIT_LOC_STRINGS = YES;
				SWIFT_VERSION = 5.0;
				TARGETED_DEVICE_FAMILY = "1,2";
			};
			name = Debug;
		};
		FE390AE12BD3FF660046C062 /* Release */ = {
			isa = XCBuildConfiguration;
			buildSettings = {
				ASSETCATALOG_COMPILER_APPICON_NAME = AppIcon;
				ASSETCATALOG_COMPILER_GLOBAL_ACCENT_COLOR_NAME = AccentColor;
				CODE_SIGN_STYLE = Automatic;
				CURRENT_PROJECT_VERSION = 1;
				DEVELOPMENT_TEAM = 93MW9WU26H;
				GENERATE_INFOPLIST_FILE = YES;
				INFOPLIST_FILE = GitHubFollwers/Info.plist;
				INFOPLIST_KEY_UIApplicationSupportsIndirectInputEvents = YES;
				INFOPLIST_KEY_UILaunchStoryboardName = LaunchScreen;
				INFOPLIST_KEY_UIMainStoryboardFile = "";
				INFOPLIST_KEY_UISupportedInterfaceOrientations_iPad = "UIInterfaceOrientationPortrait UIInterfaceOrientationPortraitUpsideDown UIInterfaceOrientationLandscapeLeft UIInterfaceOrientationLandscapeRight";
				INFOPLIST_KEY_UISupportedInterfaceOrientations_iPhone = "UIInterfaceOrientationPortrait UIInterfaceOrientationLandscapeLeft UIInterfaceOrientationLandscapeRight";
				LD_RUNPATH_SEARCH_PATHS = (
					"$(inherited)",
					"@executable_path/Frameworks",
				);
				MARKETING_VERSION = 1.0;
				PRODUCT_BUNDLE_IDENTIFIER = com.akamal83.GitHubFollwers;
				PRODUCT_NAME = "$(TARGET_NAME)";
				SWIFT_EMIT_LOC_STRINGS = YES;
				SWIFT_VERSION = 5.0;
				TARGETED_DEVICE_FAMILY = "1,2";
			};
			name = Release;
		};
/* End XCBuildConfiguration section */

/* Begin XCConfigurationList section */
		FE390AC62BD3FF620046C062 /* Build configuration list for PBXProject "GitHubFollwers" */ = {
			isa = XCConfigurationList;
			buildConfigurations = (
				FE390ADD2BD3FF660046C062 /* Debug */,
				FE390ADE2BD3FF660046C062 /* Release */,
			);
			defaultConfigurationIsVisible = 0;
			defaultConfigurationName = Release;
		};
		FE390ADF2BD3FF660046C062 /* Build configuration list for PBXNativeTarget "GitHubFollwers" */ = {
			isa = XCConfigurationList;
			buildConfigurations = (
				FE390AE02BD3FF660046C062 /* Debug */,
				FE390AE12BD3FF660046C062 /* Release */,
			);
			defaultConfigurationIsVisible = 0;
			defaultConfigurationName = Release;
		};
/* End XCConfigurationList section */
	};
	rootObject = FE390AC32BD3FF620046C062 /* Project object */;
}
